
Microsoft Visual Studio Solution File, Format Version 12.00
# Visual Studio Version 17
VisualStudioVersion = 17.5.33516.290
MinimumVisualStudioVersion = 10.0.40219.1
Project("{FAE04EC0-301F-11D3-BF4B-00C04F79EFBC}") = "Crypto.UWP", "Crypto\Crypto.UWP\Crypto.UWP.csproj", "{D7D0500F-0940-4302-9C0C-5B9140AD5DB4}"
EndProject
Project("{FAE04EC0-301F-11D3-BF4B-00C04F79EFBC}") = "Crypto", "Crypto\Crypto\Crypto.csproj", "{AE6AFB54-58D9-4517-94B0-2DDAA1F15DA5}"
EndProject
Global
	GlobalSection(SolutionConfigurationPlatforms) = preSolution
		Debug|Any CPU = Debug|Any CPU
		Debug|ARM = Debug|ARM
		Debug|x64 = Debug|x64
		Debug|x86 = Debug|x86
		Release|Any CPU = Release|Any CPU
		Release|ARM = Release|ARM
		Release|x64 = Release|x64
		Release|x86 = Release|x86
	EndGlobalSection
	GlobalSection(ProjectConfigurationPlatforms) = postSolution
		{D7D0500F-0940-4302-9C0C-5B9140AD5DB4}.Debug|Any CPU.ActiveCfg = Debug|x64
		{D7D0500F-0940-4302-9C0C-5B9140AD5DB4}.Debug|Any CPU.Build.0 = Debug|x64
		{D7D0500F-0940-4302-9C0C-5B9140AD5DB4}.Debug|Any CPU.Deploy.0 = Debug|x64
		{D7D0500F-0940-4302-9C0C-5B9140AD5DB4}.Debug|ARM.ActiveCfg = Debug|ARM
		{D7D0500F-0940-4302-9C0C-5B9140AD5DB4}.Debug|ARM.Build.0 = Debug|ARM
		{D7D0500F-0940-4302-9C0C-5B9140AD5DB4}.Debug|ARM.Deploy.0 = Debug|ARM
		{D7D0500F-0940-4302-9C0C-5B9140AD5DB4}.Debug|x64.ActiveCfg = Debug|x64
		{D7D0500F-0940-4302-9C0C-5B9140AD5DB4}.Debug|x64.Build.0 = Debug|x64
		{D7D0500F-0940-4302-9C0C-5B9140AD5DB4}.Debug|x64.Deploy.0 = Debug|x64
		{D7D0500F-0940-4302-9C0C-5B9140AD5DB4}.Debug|x86.ActiveCfg = Debug|x86
		{D7D0500F-0940-4302-9C0C-5B9140AD5DB4}.Debug|x86.Build.0 = Debug|x86
		{D7D0500F-0940-4302-9C0C-5B9140AD5DB4}.Debug|x86.Deploy.0 = Debug|x86
		{D7D0500F-0940-4302-9C0C-5B9140AD5DB4}.Release|Any CPU.ActiveCfg = Release|x64
		{D7D0500F-0940-4302-9C0C-5B9140AD5DB4}.Release|Any CPU.Build.0 = Release|x64
		{D7D0500F-0940-4302-9C0C-5B9140AD5DB4}.Release|Any CPU.Deploy.0 = Release|x64
		{D7D0500F-0940-4302-9C0C-5B9140AD5DB4}.Release|ARM.ActiveCfg = Release|ARM
		{D7D0500F-0940-4302-9C0C-5B9140AD5DB4}.Release|ARM.Build.0 = Release|ARM
		{D7D0500F-0940-4302-9C0C-5B9140AD5DB4}.Release|ARM.Deploy.0 = Release|ARM
		{D7D0500F-0940-4302-9C0C-5B9140AD5DB4}.Release|x64.ActiveCfg = Release|x64
		{D7D0500F-0940-4302-9C0C-5B9140AD5DB4}.Release|x64.Build.0 = Release|x64
		{D7D0500F-0940-4302-9C0C-5B9140AD5DB4}.Release|x64.Deploy.0 = Release|x64
		{D7D0500F-0940-4302-9C0C-5B9140AD5DB4}.Release|x86.ActiveCfg = Release|x86
		{D7D0500F-0940-4302-9C0C-5B9140AD5DB4}.Release|x86.Build.0 = Release|x86
		{D7D0500F-0940-4302-9C0C-5B9140AD5DB4}.Release|x86.Deploy.0 = Release|x86
		{AE6AFB54-58D9-4517-94B0-2DDAA1F15DA5}.Debug|Any CPU.ActiveCfg = Debug|Any CPU
		{AE6AFB54-58D9-4517-94B0-2DDAA1F15DA5}.Debug|Any CPU.Build.0 = Debug|Any CPU
		{AE6AFB54-58D9-4517-94B0-2DDAA1F15DA5}.Debug|Any CPU.Deploy.0 = Debug|Any CPU
		{AE6AFB54-58D9-4517-94B0-2DDAA1F15DA5}.Debug|ARM.ActiveCfg = Debug|Any CPU
		{AE6AFB54-58D9-4517-94B0-2DDAA1F15DA5}.Debug|ARM.Build.0 = Debug|Any CPU
		{AE6AFB54-58D9-4517-94B0-2DDAA1F15DA5}.Debug|ARM.Deploy.0 = Debug|Any CPU
		{AE6AFB54-58D9-4517-94B0-2DDAA1F15DA5}.Debug|x64.ActiveCfg = Debug|Any CPU
		{AE6AFB54-58D9-4517-94B0-2DDAA1F15DA5}.Debug|x64.Build.0 = Debug|Any CPU
		{AE6AFB54-58D9-4517-94B0-2DDAA1F15DA5}.Debug|x64.Deploy.0 = Debug|Any CPU
		{AE6AFB54-58D9-4517-94B0-2DDAA1F15DA5}.Debug|x86.ActiveCfg = Debug|Any CPU
		{AE6AFB54-58D9-4517-94B0-2DDAA1F15DA5}.Debug|x86.Build.0 = Debug|Any CPU
		{AE6AFB54-58D9-4517-94B0-2DDAA1F15DA5}.Debug|x86.Deploy.0 = Debug|Any CPU
		{AE6AFB54-58D9-4517-94B0-2DDAA1F15DA5}.Release|Any CPU.ActiveCfg = Release|Any CPU
		{AE6AFB54-58D9-4517-94B0-2DDAA1F15DA5}.Release|Any CPU.Build.0 = Release|Any CPU
		{AE6AFB54-58D9-4517-94B0-2DDAA1F15DA5}.Release|Any CPU.Deploy.0 = Release|Any CPU
		{AE6AFB54-58D9-4517-94B0-2DDAA1F15DA5}.Release|ARM.ActiveCfg = Release|Any CPU
		{AE6AFB54-58D9-4517-94B0-2DDAA1F15DA5}.Release|ARM.Build.0 = Release|Any CPU
		{AE6AFB54-58D9-4517-94B0-2DDAA1F15DA5}.Release|ARM.Deploy.0 = Release|Any CPU
		{AE6AFB54-58D9-4517-94B0-2DDAA1F15DA5}.Release|x64.ActiveCfg = Release|Any CPU
		{AE6AFB54-58D9-4517-94B0-2DDAA1F15DA5}.Release|x64.Build.0 = Release|Any CPU
		{AE6AFB54-58D9-4517-94B0-2DDAA1F15DA5}.Release|x64.Deploy.0 = Release|Any CPU
		{AE6AFB54-58D9-4517-94B0-2DDAA1F15DA5}.Release|x86.ActiveCfg = Release|Any CPU
		{AE6AFB54-58D9-4517-94B0-2DDAA1F15DA5}.Release|x86.Build.0 = Release|Any CPU
		{AE6AFB54-58D9-4517-94B0-2DDAA1F15DA5}.Release|x86.Deploy.0 = Release|Any CPU
	EndGlobalSection
	GlobalSection(SolutionProperties) = preSolution
		HideSolutionNode = FALSE
	EndGlobalSection
	GlobalSection(ExtensibilityGlobals) = postSolution
		SolutionGuid = {0C9DEB6F-8CB0-426D-B7DD-5CD15FB79634}
	EndGlobalSection
EndGlobal
